
Microsoft Visual Studio Solution File, Format Version 12.00
Project("{FAE04EC0-301F-11D3-BF4B-00C04F79EFBC}") = "XStorage.Logging", "XStorage.Logging\XStorage.Logging.csproj", "{B4C36541-CD27-4D22-9199-2690ED1A11F5}"
EndProject
Project("{2150E333-8FDC-42A3-9474-1A3956D46DE8}") = "tests", "tests", "{5292CA84-740B-43A0-A050-E41A2DE701D1}"
EndProject
Project("{2150E333-8FDC-42A3-9474-1A3956D46DE8}") = "unit", "unit", "{88840137-31CF-4578-A5F7-F65B89A41BA3}"
EndProject
Project("{FAE04EC0-301F-11D3-BF4B-00C04F79EFBC}") = "XStorage.Logging.UnitTests", "tests\unit\XStorage.Logging.UnitTests\XStorage.Logging.UnitTests.csproj", "{9469C6DA-38EA-4412-AFC3-B7D2B578A736}"
EndProject
Project("{FAE04EC0-301F-11D3-BF4B-00C04F79EFBC}") = "XStorage.Logging.Adapters", "XStorage.Logging.Adapters\XStorage.Logging.Adapters.csproj", "{82B233A6-02B4-4762-82F9-5767F504D0D8}"
EndProject
Project("{FAE04EC0-301F-11D3-BF4B-00C04F79EFBC}") = "XStorage.Common", "XStorage.Common\XStorage.Common.csproj", "{65B7F206-BA7F-400D-B843-D949321FFFB1}"
EndProject
Project("{2150E333-8FDC-42A3-9474-1A3956D46DE8}") = "system", "system", "{7C5D4039-2D2E-4B44-AB9A-670D0D0E0FF8}"
EndProject
Project("{FAE04EC0-301F-11D3-BF4B-00C04F79EFBC}") = "XStorage.Logging.Adapters.SystemTests", "tests\system\XStorage.Logging.Adapters.SystemTests\XStorage.Logging.Adapters.SystemTests.csproj", "{DAEA1732-7E1C-4F12-9091-28C5EA3D8883}"
EndProject
Project("{2150E333-8FDC-42A3-9474-1A3956D46DE8}") = "infra", "infra", "{678C39D5-8465-4BD6-A0E0-42047F272855}"
EndProject
Project("{FAE04EC0-301F-11D3-BF4B-00C04F79EFBC}") = "XStorage.RabbitMq", "infra\XStorage.RabbitMq\XStorage.RabbitMq.csproj", "{7D974F4A-DE63-4795-B956-4406BE56A727}"
EndProject
Project("{2150E333-8FDC-42A3-9474-1A3956D46DE8}") = "common", "common", "{F0E0DF82-D2B2-4489-9481-32B2CCF3D7CF}"
EndProject
Project("{FAE04EC0-301F-11D3-BF4B-00C04F79EFBC}") = "XStorage.RestApi", "infra\XStorage.RestApi\XStorage.RestApi.csproj", "{D3C95788-116F-4592-97FA-7FDF5FACD0BA}"
EndProject
Project("{FAE04EC0-301F-11D3-BF4B-00C04F79EFBC}") = "XStorage.RestApi.SystemTests", "tests\system\XStorage.RestApi.SystemTests\XStorage.RestApi.SystemTests.csproj", "{48E372AC-2632-4488-BDDB-60F86075E0C9}"
EndProject
Project("{FAE04EC0-301F-11D3-BF4B-00C04F79EFBC}") = "XStorage.Common.UnitTests", "tests\unit\XStorage.Common.UnitTests\XStorage.Common.UnitTests.csproj", "{AE00065A-02F4-498C-9CD2-850FF042B3CE}"
EndProject
Global
	GlobalSection(SolutionConfigurationPlatforms) = preSolution
		Debug|Any CPU = Debug|Any CPU
		Release|Any CPU = Release|Any CPU
	EndGlobalSection
	GlobalSection(ProjectConfigurationPlatforms) = postSolution
		{B4C36541-CD27-4D22-9199-2690ED1A11F5}.Debug|Any CPU.ActiveCfg = Debug|Any CPU
		{B4C36541-CD27-4D22-9199-2690ED1A11F5}.Debug|Any CPU.Build.0 = Debug|Any CPU
		{B4C36541-CD27-4D22-9199-2690ED1A11F5}.Release|Any CPU.ActiveCfg = Release|Any CPU
		{B4C36541-CD27-4D22-9199-2690ED1A11F5}.Release|Any CPU.Build.0 = Release|Any CPU
		{9469C6DA-38EA-4412-AFC3-B7D2B578A736}.Debug|Any CPU.ActiveCfg = Debug|Any CPU
		{9469C6DA-38EA-4412-AFC3-B7D2B578A736}.Debug|Any CPU.Build.0 = Debug|Any CPU
		{9469C6DA-38EA-4412-AFC3-B7D2B578A736}.Release|Any CPU.ActiveCfg = Release|Any CPU
		{9469C6DA-38EA-4412-AFC3-B7D2B578A736}.Release|Any CPU.Build.0 = Release|Any CPU
		{82B233A6-02B4-4762-82F9-5767F504D0D8}.Debug|Any CPU.ActiveCfg = Debug|Any CPU
		{82B233A6-02B4-4762-82F9-5767F504D0D8}.Debug|Any CPU.Build.0 = Debug|Any CPU
		{82B233A6-02B4-4762-82F9-5767F504D0D8}.Release|Any CPU.ActiveCfg = Release|Any CPU
		{82B233A6-02B4-4762-82F9-5767F504D0D8}.Release|Any CPU.Build.0 = Release|Any CPU
		{65B7F206-BA7F-400D-B843-D949321FFFB1}.Debug|Any CPU.ActiveCfg = Debug|Any CPU
		{65B7F206-BA7F-400D-B843-D949321FFFB1}.Debug|Any CPU.Build.0 = Debug|Any CPU
		{65B7F206-BA7F-400D-B843-D949321FFFB1}.Release|Any CPU.ActiveCfg = Release|Any CPU
		{65B7F206-BA7F-400D-B843-D949321FFFB1}.Release|Any CPU.Build.0 = Release|Any CPU
		{DAEA1732-7E1C-4F12-9091-28C5EA3D8883}.Debug|Any CPU.ActiveCfg = Debug|Any CPU
		{DAEA1732-7E1C-4F12-9091-28C5EA3D8883}.Debug|Any CPU.Build.0 = Debug|Any CPU
		{DAEA1732-7E1C-4F12-9091-28C5EA3D8883}.Release|Any CPU.ActiveCfg = Release|Any CPU
		{DAEA1732-7E1C-4F12-9091-28C5EA3D8883}.Release|Any CPU.Build.0 = Release|Any CPU
		{7D974F4A-DE63-4795-B956-4406BE56A727}.Debug|Any CPU.ActiveCfg = Debug|Any CPU
		{7D974F4A-DE63-4795-B956-4406BE56A727}.Debug|Any CPU.Build.0 = Debug|Any CPU
		{7D974F4A-DE63-4795-B956-4406BE56A727}.Release|Any CPU.ActiveCfg = Release|Any CPU
		{7D974F4A-DE63-4795-B956-4406BE56A727}.Release|Any CPU.Build.0 = Release|Any CPU
		{D3C95788-116F-4592-97FA-7FDF5FACD0BA}.Debug|Any CPU.ActiveCfg = Debug|Any CPU
		{D3C95788-116F-4592-97FA-7FDF5FACD0BA}.Debug|Any CPU.Build.0 = Debug|Any CPU
		{D3C95788-116F-4592-97FA-7FDF5FACD0BA}.Release|Any CPU.ActiveCfg = Release|Any CPU
		{D3C95788-116F-4592-97FA-7FDF5FACD0BA}.Release|Any CPU.Build.0 = Release|Any CPU
		{48E372AC-2632-4488-BDDB-60F86075E0C9}.Debug|Any CPU.ActiveCfg = Debug|Any CPU
		{48E372AC-2632-4488-BDDB-60F86075E0C9}.Debug|Any CPU.Build.0 = Debug|Any CPU
		{48E372AC-2632-4488-BDDB-60F86075E0C9}.Release|Any CPU.ActiveCfg = Release|Any CPU
		{48E372AC-2632-4488-BDDB-60F86075E0C9}.Release|Any CPU.Build.0 = Release|Any CPU
		{AE00065A-02F4-498C-9CD2-850FF042B3CE}.Debug|Any CPU.ActiveCfg = Debug|Any CPU
		{AE00065A-02F4-498C-9CD2-850FF042B3CE}.Debug|Any CPU.Build.0 = Debug|Any CPU
		{AE00065A-02F4-498C-9CD2-850FF042B3CE}.Release|Any CPU.ActiveCfg = Release|Any CPU
		{AE00065A-02F4-498C-9CD2-850FF042B3CE}.Release|Any CPU.Build.0 = Release|Any CPU
	EndGlobalSection
	GlobalSection(NestedProjects) = preSolution
		{88840137-31CF-4578-A5F7-F65B89A41BA3} = {5292CA84-740B-43A0-A050-E41A2DE701D1}
		{9469C6DA-38EA-4412-AFC3-B7D2B578A736} = {88840137-31CF-4578-A5F7-F65B89A41BA3}
		{7C5D4039-2D2E-4B44-AB9A-670D0D0E0FF8} = {5292CA84-740B-43A0-A050-E41A2DE701D1}
		{DAEA1732-7E1C-4F12-9091-28C5EA3D8883} = {7C5D4039-2D2E-4B44-AB9A-670D0D0E0FF8}
		{7D974F4A-DE63-4795-B956-4406BE56A727} = {678C39D5-8465-4BD6-A0E0-42047F272855}
		{65B7F206-BA7F-400D-B843-D949321FFFB1} = {F0E0DF82-D2B2-4489-9481-32B2CCF3D7CF}
		{D3C95788-116F-4592-97FA-7FDF5FACD0BA} = {678C39D5-8465-4BD6-A0E0-42047F272855}
		{48E372AC-2632-4488-BDDB-60F86075E0C9} = {7C5D4039-2D2E-4B44-AB9A-670D0D0E0FF8}
		{B4C36541-CD27-4D22-9199-2690ED1A11F5} = {F0E0DF82-D2B2-4489-9481-32B2CCF3D7CF}
		{AE00065A-02F4-498C-9CD2-850FF042B3CE} = {88840137-31CF-4578-A5F7-F65B89A41BA3}
	EndGlobalSection
EndGlobal
